{
  "name": "pictureDocumenter",
  "lockfileVersion": 2,
  "requires": true,
  "packages": {
    "": {
      "dependencies": {
        "webcam-easy": "^1.0.5"
      },
      "devDependencies": {
        "tsc": "^2.0.4",
        "typescript": "^4.8.2"
      }
    },
    "node_modules/tsc": {
      "version": "2.0.4",
      "resolved": "https://registry.npmjs.org/tsc/-/tsc-2.0.4.tgz",
      "integrity": "sha512-fzoSieZI5KKJVBYGvwbVZs/J5za84f2lSTLPYf6AGiIf43tZ3GNrI1QzTLcjtyDDP4aLxd46RTZq1nQxe7+k5Q==",
      "dev": true,
      "bin": {
        "tsc": "bin/tsc"
      }
    },
    "node_modules/typescript": {
      "version": "4.8.2",
      "resolved": "https://registry.npmjs.org/typescript/-/typescript-4.8.2.tgz",
      "integrity": "sha512-C0I1UsrrDHo2fYI5oaCGbSejwX4ch+9Y5jTQELvovfmFkK3HHSZJB8MSJcWLmCUBzQBchCrZ9rMRV6GuNrvGtw==",
      "dev": true,
      "bin": {
        "tsc": "bin/tsc",
        "tsserver": "bin/tsserver"
      },
      "engines": {
        "node": ">=4.2.0"
      }
    },
    "node_modules/webcam-easy": {
      "version": "1.0.5",
      "resolved": "https://registry.npmjs.org/webcam-easy/-/webcam-easy-1.0.5.tgz",
      "integrity": "sha512-YSXB21kfnwdrlPX/u1O5r8pbHxCaw3bsxhmvS1S9ixK/8n8LzxOduylqwVUSjYGSVJRhopJUN77SOh3Z0QgaIQ=="
    }
  },
  "dependencies": {
    "tsc": {
      "version": "2.0.4",
      "resolved": "https://registry.npmjs.org/tsc/-/tsc-2.0.4.tgz",
      "integrity": "sha512-fzoSieZI5KKJVBYGvwbVZs/J5za84f2lSTLPYf6AGiIf43tZ3GNrI1QzTLcjtyDDP4aLxd46RTZq1nQxe7+k5Q==",
      "dev": true
    },
    "typescript": {
      "version": "4.8.2",
      "resolved": "https://registry.npmjs.org/typescript/-/typescript-4.8.2.tgz",
      "integrity": "sha512-C0I1UsrrDHo2fYI5oaCGbSejwX4ch+9Y5jTQELvovfmFkK3HHSZJB8MSJcWLmCUBzQBchCrZ9rMRV6GuNrvGtw==",
      "dev": true
    },
    "webcam-easy": {
      "version": "1.0.5",
      "resolved": "https://registry.npmjs.org/webcam-easy/-/webcam-easy-1.0.5.tgz",
      "integrity": "sha512-YSXB21kfnwdrlPX/u1O5r8pbHxCaw3bsxhmvS1S9ixK/8n8LzxOduylqwVUSjYGSVJRhopJUN77SOh3Z0QgaIQ=="
    }
  }
}
